// !$*UTF8*$!
{
	archiveVersion = 1;
	classes = {
	};
	objectVersion = 46;
	objects = {

/* Begin PBXBuildFile section */
		3C0511D61F6F84F50015FA01 /* SignInUserExistViewController.swift in Sources */ = {isa = PBXBuildFile; fileRef = 3C0511D51F6F84F50015FA01 /* SignInUserExistViewController.swift */; };
		3C0511D91F6F8A840015FA01 /* SignUpSuccessfullViewController.swift in Sources */ = {isa = PBXBuildFile; fileRef = 3C0511D81F6F8A840015FA01 /* SignUpSuccessfullViewController.swift */; };
		3C6615F11FA91C2D00416774 /* GoogleService-Info.plist in Resources */ = {isa = PBXBuildFile; fileRef = 3C6615F01FA91C2D00416774 /* GoogleService-Info.plist */; };
		3C6615F31FA91FC700416774 /* ChangePasswordViewController.swift in Sources */ = {isa = PBXBuildFile; fileRef = 3C6615F21FA91FC700416774 /* ChangePasswordViewController.swift */; };
		6608B01CFBFE421789756E87 /* Pods_DareSpotTests.framework in Frameworks */ = {isa = PBXBuildFile; fileRef = ABB1E2E30D507E8CF48AEA95 /* Pods_DareSpotTests.framework */; };
		6DE13714555204E80BCAFF90 /* Pods_DareSpot.framework in Frameworks */ = {isa = PBXBuildFile; fileRef = ACD7767EE1DF94FE9144D298 /* Pods_DareSpot.framework */; };
		8321B83EBA7828CDC948C8F5 /* Pods_DareSpotUITests.framework in Frameworks */ = {isa = PBXBuildFile; fileRef = 4AAD91DDCDB99D8F2BABB510 /* Pods_DareSpotUITests.framework */; };
		EE38AA961F6E8AF900DB5EDD /* SignUpEmailViewController.swift in Sources */ = {isa = PBXBuildFile; fileRef = EE38AA951F6E8AF900DB5EDD /* SignUpEmailViewController.swift */; };
		EE38AA981F6E8B2800DB5EDD /* SignUpNameViewController.swift in Sources */ = {isa = PBXBuildFile; fileRef = EE38AA971F6E8B2800DB5EDD /* SignUpNameViewController.swift */; };
		EE38AA9A1F6E8B7400DB5EDD /* SignUpGenderDOBViewController.swift in Sources */ = {isa = PBXBuildFile; fileRef = EE38AA991F6E8B7400DB5EDD /* SignUpGenderDOBViewController.swift */; };
		EE38AA9C1F6E8C4200DB5EDD /* LaunchScreenViewController.swift in Sources */ = {isa = PBXBuildFile; fileRef = EE38AA9B1F6E8C4200DB5EDD /* LaunchScreenViewController.swift */; };
		EE38AA9E1F6E8D0D00DB5EDD /* SignUpUsernameViewController.swift in Sources */ = {isa = PBXBuildFile; fileRef = EE38AA9D1F6E8D0D00DB5EDD /* SignUpUsernameViewController.swift */; };
		EE38AAA01F6E8D2B00DB5EDD /* SignUpPasswordViewController.swift in Sources */ = {isa = PBXBuildFile; fileRef = EE38AA9F1F6E8D2B00DB5EDD /* SignUpPasswordViewController.swift */; };
		EE38AAA41F6EE85500DB5EDD /* SignUpSaveData.swift in Sources */ = {isa = PBXBuildFile; fileRef = EE38AAA31F6EE85500DB5EDD /* SignUpSaveData.swift */; };
		EE38AAA61F6F2C5400DB5EDD /* UserInformation.swift in Sources */ = {isa = PBXBuildFile; fileRef = EE38AAA51F6F2C5400DB5EDD /* UserInformation.swift */; };
		EEC199201F6E744A00F981E6 /* AppDelegate.swift in Sources */ = {isa = PBXBuildFile; fileRef = EEC1991F1F6E744A00F981E6 /* AppDelegate.swift */; };
		EEC199251F6E744A00F981E6 /* Main.storyboard in Resources */ = {isa = PBXBuildFile; fileRef = EEC199231F6E744A00F981E6 /* Main.storyboard */; };
		EEC199281F6E744A00F981E6 /* DareSpot.xcdatamodeld in Sources */ = {isa = PBXBuildFile; fileRef = EEC199261F6E744A00F981E6 /* DareSpot.xcdatamodeld */; };
		EEC1992A1F6E744A00F981E6 /* Assets.xcassets in Resources */ = {isa = PBXBuildFile; fileRef = EEC199291F6E744A00F981E6 /* Assets.xcassets */; };
		EEC1992D1F6E744A00F981E6 /* LaunchScreen.storyboard in Resources */ = {isa = PBXBuildFile; fileRef = EEC1992B1F6E744A00F981E6 /* LaunchScreen.storyboard */; };
		EEC199381F6E744B00F981E6 /* DareSpotTests.swift in Sources */ = {isa = PBXBuildFile; fileRef = EEC199371F6E744B00F981E6 /* DareSpotTests.swift */; };
		EEC199431F6E744B00F981E6 /* DareSpotUITests.swift in Sources */ = {isa = PBXBuildFile; fileRef = EEC199421F6E744B00F981E6 /* DareSpotUITests.swift */; };
		EEC199541F6E781400F981E6 /* dareSpotLogo.jpg in Resources */ = {isa = PBXBuildFile; fileRef = EEC199531F6E781400F981E6 /* dareSpotLogo.jpg */; };
/* End PBXBuildFile section */

/* Begin PBXContainerItemProxy section */
		EEC199341F6E744B00F981E6 /* PBXContainerItemProxy */ = {
			isa = PBXContainerItemProxy;
			containerPortal = EEC199141F6E744A00F981E6 /* Project object */;
			proxyType = 1;
			remoteGlobalIDString = EEC1991B1F6E744A00F981E6;
			remoteInfo = DareSpot;
		};
		EEC1993F1F6E744B00F981E6 /* PBXContainerItemProxy */ = {
			isa = PBXContainerItemProxy;
			containerPortal = EEC199141F6E744A00F981E6 /* Project object */;
			proxyType = 1;
			remoteGlobalIDString = EEC1991B1F6E744A00F981E6;
			remoteInfo = DareSpot;
		};
/* End PBXContainerItemProxy section */

/* Begin PBXFileReference section */
		1C37BFEA00FA60F7023E7FC7 /* Pods-DareSpotUITests.release.xcconfig */ = {isa = PBXFileReference; includeInIndex = 1; lastKnownFileType = text.xcconfig; name = "Pods-DareSpotUITests.release.xcconfig"; path = "Pods/Target Support Files/Pods-DareSpotUITests/Pods-DareSpotUITests.release.xcconfig"; sourceTree = "<group>"; };
		25BBAFB043FEE7978A63E089 /* Pods-DareSpotUITests.debug.xcconfig */ = {isa = PBXFileReference; includeInIndex = 1; lastKnownFileType = text.xcconfig; name = "Pods-DareSpotUITests.debug.xcconfig"; path = "Pods/Target Support Files/Pods-DareSpotUITests/Pods-DareSpotUITests.debug.xcconfig"; sourceTree = "<group>"; };
		3C0511D51F6F84F50015FA01 /* SignInUserExistViewController.swift */ = {isa = PBXFileReference; fileEncoding = 4; lastKnownFileType = sourcecode.swift; name = SignInUserExistViewController.swift; path = ../SignInUserExistViewController.swift; sourceTree = "<group>"; };
		3C0511D81F6F8A840015FA01 /* SignUpSuccessfullViewController.swift */ = {isa = PBXFileReference; fileEncoding = 4; lastKnownFileType = sourcecode.swift; path = SignUpSuccessfullViewController.swift; sourceTree = "<group>"; };
		3C6615F01FA91C2D00416774 /* GoogleService-Info.plist */ = {isa = PBXFileReference; fileEncoding = 4; lastKnownFileType = text.plist.xml; path = "GoogleService-Info.plist"; sourceTree = "<group>"; };
		3C6615F21FA91FC700416774 /* ChangePasswordViewController.swift */ = {isa = PBXFileReference; fileEncoding = 4; lastKnownFileType = sourcecode.swift; path = ChangePasswordViewController.swift; sourceTree = "<group>"; };
		4AAD91DDCDB99D8F2BABB510 /* Pods_DareSpotUITests.framework */ = {isa = PBXFileReference; explicitFileType = wrapper.framework; includeInIndex = 0; path = Pods_DareSpotUITests.framework; sourceTree = BUILT_PRODUCTS_DIR; };
		84E84177247FBA11C937219D /* Pods-DareSpotTests.release.xcconfig */ = {isa = PBXFileReference; includeInIndex = 1; lastKnownFileType = text.xcconfig; name = "Pods-DareSpotTests.release.xcconfig"; path = "Pods/Target Support Files/Pods-DareSpotTests/Pods-DareSpotTests.release.xcconfig"; sourceTree = "<group>"; };
		9DB2B54A585649C1C652CD3D /* Pods-DareSpot.debug.xcconfig */ = {isa = PBXFileReference; includeInIndex = 1; lastKnownFileType = text.xcconfig; name = "Pods-DareSpot.debug.xcconfig"; path = "Pods/Target Support Files/Pods-DareSpot/Pods-DareSpot.debug.xcconfig"; sourceTree = "<group>"; };
		ABB1E2E30D507E8CF48AEA95 /* Pods_DareSpotTests.framework */ = {isa = PBXFileReference; explicitFileType = wrapper.framework; includeInIndex = 0; path = Pods_DareSpotTests.framework; sourceTree = BUILT_PRODUCTS_DIR; };
		ACD7767EE1DF94FE9144D298 /* Pods_DareSpot.framework */ = {isa = PBXFileReference; explicitFileType = wrapper.framework; includeInIndex = 0; path = Pods_DareSpot.framework; sourceTree = BUILT_PRODUCTS_DIR; };
		BEF2F11B434924E451D177AA /* Pods-DareSpotTests.debug.xcconfig */ = {isa = PBXFileReference; includeInIndex = 1; lastKnownFileType = text.xcconfig; name = "Pods-DareSpotTests.debug.xcconfig"; path = "Pods/Target Support Files/Pods-DareSpotTests/Pods-DareSpotTests.debug.xcconfig"; sourceTree = "<group>"; };
		D85564A78502E5BE9B3C08FF /* Pods-DareSpot.release.xcconfig */ = {isa = PBXFileReference; includeInIndex = 1; lastKnownFileType = text.xcconfig; name = "Pods-DareSpot.release.xcconfig"; path = "Pods/Target Support Files/Pods-DareSpot/Pods-DareSpot.release.xcconfig"; sourceTree = "<group>"; };
		EE38AA951F6E8AF900DB5EDD /* SignUpEmailViewController.swift */ = {isa = PBXFileReference; fileEncoding = 4; lastKnownFileType = sourcecode.swift; path = SignUpEmailViewController.swift; sourceTree = "<group>"; };
		EE38AA971F6E8B2800DB5EDD /* SignUpNameViewController.swift */ = {isa = PBXFileReference; fileEncoding = 4; lastKnownFileType = sourcecode.swift; path = SignUpNameViewController.swift; sourceTree = "<group>"; };
		EE38AA991F6E8B7400DB5EDD /* SignUpGenderDOBViewController.swift */ = {isa = PBXFileReference; fileEncoding = 4; lastKnownFileType = sourcecode.swift; path = SignUpGenderDOBViewController.swift; sourceTree = "<group>"; };
		EE38AA9B1F6E8C4200DB5EDD /* LaunchScreenViewController.swift */ = {isa = PBXFileReference; fileEncoding = 4; lastKnownFileType = sourcecode.swift; path = LaunchScreenViewController.swift; sourceTree = "<group>"; };
		EE38AA9D1F6E8D0D00DB5EDD /* SignUpUsernameViewController.swift */ = {isa = PBXFileReference; fileEncoding = 4; lastKnownFileType = sourcecode.swift; path = SignUpUsernameViewController.swift; sourceTree = "<group>"; };
		EE38AA9F1F6E8D2B00DB5EDD /* SignUpPasswordViewController.swift */ = {isa = PBXFileReference; fileEncoding = 4; lastKnownFileType = sourcecode.swift; path = SignUpPasswordViewController.swift; sourceTree = "<group>"; };
		EE38AAA31F6EE85500DB5EDD /* SignUpSaveData.swift */ = {isa = PBXFileReference; fileEncoding = 4; lastKnownFileType = sourcecode.swift; path = SignUpSaveData.swift; sourceTree = "<group>"; };
		EE38AAA51F6F2C5400DB5EDD /* UserInformation.swift */ = {isa = PBXFileReference; fileEncoding = 4; lastKnownFileType = sourcecode.swift; path = UserInformation.swift; sourceTree = "<group>"; };
		EEC1991C1F6E744A00F981E6 /* DareSpot.app */ = {isa = PBXFileReference; explicitFileType = wrapper.application; includeInIndex = 0; path = DareSpot.app; sourceTree = BUILT_PRODUCTS_DIR; };
		EEC1991F1F6E744A00F981E6 /* AppDelegate.swift */ = {isa = PBXFileReference; lastKnownFileType = sourcecode.swift; path = AppDelegate.swift; sourceTree = "<group>"; };
		EEC199241F6E744A00F981E6 /* Base */ = {isa = PBXFileReference; lastKnownFileType = file.storyboard; name = Base; path = Base.lproj/Main.storyboard; sourceTree = "<group>"; };
		EEC199271F6E744A00F981E6 /* DareSpot.xcdatamodel */ = {isa = PBXFileReference; lastKnownFileType = wrapper.xcdatamodel; path = DareSpot.xcdatamodel; sourceTree = "<group>"; };
		EEC199291F6E744A00F981E6 /* Assets.xcassets */ = {isa = PBXFileReference; lastKnownFileType = folder.assetcatalog; path = Assets.xcassets; sourceTree = "<group>"; };
		EEC1992C1F6E744A00F981E6 /* Base */ = {isa = PBXFileReference; lastKnownFileType = file.storyboard; name = Base; path = Base.lproj/LaunchScreen.storyboard; sourceTree = "<group>"; };
		EEC1992E1F6E744A00F981E6 /* Info.plist */ = {isa = PBXFileReference; lastKnownFileType = text.plist.xml; path = Info.plist; sourceTree = "<group>"; };
		EEC199331F6E744B00F981E6 /* DareSpotTests.xctest */ = {isa = PBXFileReference; explicitFileType = wrapper.cfbundle; includeInIndex = 0; path = DareSpotTests.xctest; sourceTree = BUILT_PRODUCTS_DIR; };
		EEC199371F6E744B00F981E6 /* DareSpotTests.swift */ = {isa = PBXFileReference; lastKnownFileType = sourcecode.swift; path = DareSpotTests.swift; sourceTree = "<group>"; };
		EEC199391F6E744B00F981E6 /* Info.plist */ = {isa = PBXFileReference; lastKnownFileType = text.plist.xml; path = Info.plist; sourceTree = "<group>"; };
		EEC1993E1F6E744B00F981E6 /* DareSpotUITests.xctest */ = {isa = PBXFileReference; explicitFileType = wrapper.cfbundle; includeInIndex = 0; path = DareSpotUITests.xctest; sourceTree = BUILT_PRODUCTS_DIR; };
		EEC199421F6E744B00F981E6 /* DareSpotUITests.swift */ = {isa = PBXFileReference; lastKnownFileType = sourcecode.swift; path = DareSpotUITests.swift; sourceTree = "<group>"; };
		EEC199441F6E744B00F981E6 /* Info.plist */ = {isa = PBXFileReference; lastKnownFileType = text.plist.xml; path = Info.plist; sourceTree = "<group>"; };
		EEC199531F6E781400F981E6 /* dareSpotLogo.jpg */ = {isa = PBXFileReference; lastKnownFileType = image.jpeg; name = dareSpotLogo.jpg; path = ../../../Downloads/dareSpotLogo.jpg; sourceTree = "<group>"; };
/* End PBXFileReference section */

/* Begin PBXFrameworksBuildPhase section */
		EEC199191F6E744A00F981E6 /* Frameworks */ = {
			isa = PBXFrameworksBuildPhase;
			buildActionMask = 2147483647;
			files = (
				6DE13714555204E80BCAFF90 /* Pods_DareSpot.framework in Frameworks */,
			);
			runOnlyForDeploymentPostprocessing = 0;
		};
		EEC199301F6E744B00F981E6 /* Frameworks */ = {
			isa = PBXFrameworksBuildPhase;
			buildActionMask = 2147483647;
			files = (
				6608B01CFBFE421789756E87 /* Pods_DareSpotTests.framework in Frameworks */,
			);
			runOnlyForDeploymentPostprocessing = 0;
		};
		EEC1993B1F6E744B00F981E6 /* Frameworks */ = {
			isa = PBXFrameworksBuildPhase;
			buildActionMask = 2147483647;
			files = (
				8321B83EBA7828CDC948C8F5 /* Pods_DareSpotUITests.framework in Frameworks */,
			);
			runOnlyForDeploymentPostprocessing = 0;
		};
/* End PBXFrameworksBuildPhase section */

/* Begin PBXGroup section */
		099034E7AFE4D966777F02D6 /* Frameworks */ = {
			isa = PBXGroup;
			children = (
				ACD7767EE1DF94FE9144D298 /* Pods_DareSpot.framework */,
				ABB1E2E30D507E8CF48AEA95 /* Pods_DareSpotTests.framework */,
				4AAD91DDCDB99D8F2BABB510 /* Pods_DareSpotUITests.framework */,
			);
			name = Frameworks;
			sourceTree = "<group>";
		};
		3C0511D71F6F852F0015FA01 /* SignIn */ = {
			isa = PBXGroup;
			children = (
				3C0511D51F6F84F50015FA01 /* SignInUserExistViewController.swift */,
			);
			name = SignIn;
			sourceTree = "<group>";
		};
		3C1594721F763E6500F10294 /* FirebaseMethods */ = {
			isa = PBXGroup;
			children = (
			);
			name = FirebaseMethods;
			sourceTree = "<group>";
		};
		4957BDDBC4BE8BB57F7884C1 /* Pods */ = {
			isa = PBXGroup;
			children = (
				9DB2B54A585649C1C652CD3D /* Pods-DareSpot.debug.xcconfig */,
				D85564A78502E5BE9B3C08FF /* Pods-DareSpot.release.xcconfig */,
				BEF2F11B434924E451D177AA /* Pods-DareSpotTests.debug.xcconfig */,
				84E84177247FBA11C937219D /* Pods-DareSpotTests.release.xcconfig */,
				25BBAFB043FEE7978A63E089 /* Pods-DareSpotUITests.debug.xcconfig */,
				1C37BFEA00FA60F7023E7FC7 /* Pods-DareSpotUITests.release.xcconfig */,
			);
			name = Pods;
			sourceTree = "<group>";
		};
		EE38AA941F6E8AB700DB5EDD /* SignUp */ = {
			isa = PBXGroup;
			children = (
				EE38AA951F6E8AF900DB5EDD /* SignUpEmailViewController.swift */,
				EE38AA971F6E8B2800DB5EDD /* SignUpNameViewController.swift */,
				EE38AA991F6E8B7400DB5EDD /* SignUpGenderDOBViewController.swift */,
				EE38AA9D1F6E8D0D00DB5EDD /* SignUpUsernameViewController.swift */,
				EE38AA9F1F6E8D2B00DB5EDD /* SignUpPasswordViewController.swift */,
				EE38AAA31F6EE85500DB5EDD /* SignUpSaveData.swift */,
				3C0511D81F6F8A840015FA01 /* SignUpSuccessfullViewController.swift */,
			);
			name = SignUp;
			sourceTree = "<group>";
		};
		EEC199131F6E744A00F981E6 = {
			isa = PBXGroup;
			children = (
				3C6615F21FA91FC700416774 /* ChangePasswordViewController.swift */,
				3C1594721F763E6500F10294 /* FirebaseMethods */,
				EEC1991E1F6E744A00F981E6 /* DareSpot */,
				EEC199361F6E744B00F981E6 /* DareSpotTests */,
				EEC199411F6E744B00F981E6 /* DareSpotUITests */,
				EEC1991D1F6E744A00F981E6 /* Products */,
				4957BDDBC4BE8BB57F7884C1 /* Pods */,
				099034E7AFE4D966777F02D6 /* Frameworks */,
			);
			sourceTree = "<group>";
		};
		EEC1991D1F6E744A00F981E6 /* Products */ = {
			isa = PBXGroup;
			children = (
				EEC1991C1F6E744A00F981E6 /* DareSpot.app */,
				EEC199331F6E744B00F981E6 /* DareSpotTests.xctest */,
				EEC1993E1F6E744B00F981E6 /* DareSpotUITests.xctest */,
			);
			name = Products;
			sourceTree = "<group>";
		};
		EEC1991E1F6E744A00F981E6 /* DareSpot */ = {
			isa = PBXGroup;
			children = (
				3C0511D71F6F852F0015FA01 /* SignIn */,
				EE38AA941F6E8AB700DB5EDD /* SignUp */,
				EEC1991F1F6E744A00F981E6 /* AppDelegate.swift */,
				EEC199231F6E744A00F981E6 /* Main.storyboard */,
				EEC199291F6E744A00F981E6 /* Assets.xcassets */,
				EEC1992B1F6E744A00F981E6 /* LaunchScreen.storyboard */,
				EEC1992E1F6E744A00F981E6 /* Info.plist */,
				3C6615F01FA91C2D00416774 /* GoogleService-Info.plist */,
				EEC199261F6E744A00F981E6 /* DareSpot.xcdatamodeld */,
				EEC199521F6E77E600F981E6 /* Images */,
				EE38AA9B1F6E8C4200DB5EDD /* LaunchScreenViewController.swift */,
				EE38AAA51F6F2C5400DB5EDD /* UserInformation.swift */,
			);
			path = DareSpot;
			sourceTree = "<group>";
		};
		EEC199361F6E744B00F981E6 /* DareSpotTests */ = {
			isa = PBXGroup;
			children = (
				EEC199371F6E744B00F981E6 /* DareSpotTests.swift */,
				EEC199391F6E744B00F981E6 /* Info.plist */,
			);
			path = DareSpotTests;
			sourceTree = "<group>";
		};
		EEC199411F6E744B00F981E6 /* DareSpotUITests */ = {
			isa = PBXGroup;
			children = (
				EEC199421F6E744B00F981E6 /* DareSpotUITests.swift */,
				EEC199441F6E744B00F981E6 /* Info.plist */,
			);
			path = DareSpotUITests;
			sourceTree = "<group>";
		};
		EEC199521F6E77E600F981E6 /* Images */ = {
			isa = PBXGroup;
			children = (
				EEC199531F6E781400F981E6 /* dareSpotLogo.jpg */,
			);
			name = Images;
			sourceTree = "<group>";
		};
/* End PBXGroup section */

/* Begin PBXNativeTarget section */
		EEC1991B1F6E744A00F981E6 /* DareSpot */ = {
			isa = PBXNativeTarget;
			buildConfigurationList = EEC199471F6E744B00F981E6 /* Build configuration list for PBXNativeTarget "DareSpot" */;
			buildPhases = (
				A39B7AFB011456972E1C8175 /* [CP] Check Pods Manifest.lock */,
				EEC199181F6E744A00F981E6 /* Sources */,
				EEC199191F6E744A00F981E6 /* Frameworks */,
				EEC1991A1F6E744A00F981E6 /* Resources */,
				C539C9DACB43956BEBC3EF38 /* [CP] Embed Pods Frameworks */,
				94EF7C10A6DBEF6B0446B474 /* [CP] Copy Pods Resources */,
			);
			buildRules = (
			);
			dependencies = (
			);
			name = DareSpot;
			productName = DareSpot;
			productReference = EEC1991C1F6E744A00F981E6 /* DareSpot.app */;
			productType = "com.apple.product-type.application";
		};
		EEC199321F6E744B00F981E6 /* DareSpotTests */ = {
			isa = PBXNativeTarget;
			buildConfigurationList = EEC1994A1F6E744B00F981E6 /* Build configuration list for PBXNativeTarget "DareSpotTests" */;
			buildPhases = (
				C500E48C32EA29E513EBCF57 /* [CP] Check Pods Manifest.lock */,
				EEC1992F1F6E744B00F981E6 /* Sources */,
				EEC199301F6E744B00F981E6 /* Frameworks */,
				EEC199311F6E744B00F981E6 /* Resources */,
				1EF469C229EBD5952ECEA9B3 /* [CP] Embed Pods Frameworks */,
				9A29A88535FA9202D23B0EA0 /* [CP] Copy Pods Resources */,
			);
			buildRules = (
			);
			dependencies = (
				EEC199351F6E744B00F981E6 /* PBXTargetDependency */,
			);
			name = DareSpotTests;
			productName = DareSpotTests;
			productReference = EEC199331F6E744B00F981E6 /* DareSpotTests.xctest */;
			productType = "com.apple.product-type.bundle.unit-test";
		};
		EEC1993D1F6E744B00F981E6 /* DareSpotUITests */ = {
			isa = PBXNativeTarget;
			buildConfigurationList = EEC1994D1F6E744B00F981E6 /* Build configuration list for PBXNativeTarget "DareSpotUITests" */;
			buildPhases = (
				84986D7BE6F34A0D1687830D /* [CP] Check Pods Manifest.lock */,
				EEC1993A1F6E744B00F981E6 /* Sources */,
				EEC1993B1F6E744B00F981E6 /* Frameworks */,
				EEC1993C1F6E744B00F981E6 /* Resources */,
				5A939AF759C84871B3B85CA2 /* [CP] Embed Pods Frameworks */,
				36DFBA6BA6212AC2114622A6 /* [CP] Copy Pods Resources */,
			);
			buildRules = (
			);
			dependencies = (
				EEC199401F6E744B00F981E6 /* PBXTargetDependency */,
			);
			name = DareSpotUITests;
			productName = DareSpotUITests;
			productReference = EEC1993E1F6E744B00F981E6 /* DareSpotUITests.xctest */;
			productType = "com.apple.product-type.bundle.ui-testing";
		};
/* End PBXNativeTarget section */

/* Begin PBXProject section */
		EEC199141F6E744A00F981E6 /* Project object */ = {
			isa = PBXProject;
			attributes = {
				LastSwiftUpdateCheck = 0830;
				LastUpgradeCheck = 0830;
				ORGANIZATIONNAME = Mrunalini;
				TargetAttributes = {
					EEC1991B1F6E744A00F981E6 = {
						CreatedOnToolsVersion = 8.3.1;
						DevelopmentTeam = A2B5VHU2WV;
						ProvisioningStyle = Automatic;
					};
					EEC199321F6E744B00F981E6 = {
						CreatedOnToolsVersion = 8.3.1;
						DevelopmentTeam = 6B8872JNR9;
						ProvisioningStyle = Automatic;
						TestTargetID = EEC1991B1F6E744A00F981E6;
					};
					EEC1993D1F6E744B00F981E6 = {
						CreatedOnToolsVersion = 8.3.1;
						DevelopmentTeam = 6B8872JNR9;
						ProvisioningStyle = Automatic;
						TestTargetID = EEC1991B1F6E744A00F981E6;
					};
				};
			};
			buildConfigurationList = EEC199171F6E744A00F981E6 /* Build configuration list for PBXProject "DareSpot" */;
			compatibilityVersion = "Xcode 3.2";
			developmentRegion = English;
			hasScannedForEncodings = 0;
			knownRegions = (
				en,
				Base,
			);
			mainGroup = EEC199131F6E744A00F981E6;
			productRefGroup = EEC1991D1F6E744A00F981E6 /* Products */;
			projectDirPath = "";
			projectRoot = "";
			targets = (
				EEC1991B1F6E744A00F981E6 /* DareSpot */,
				EEC199321F6E744B00F981E6 /* DareSpotTests */,
				EEC1993D1F6E744B00F981E6 /* DareSpotUITests */,
			);
		};
/* End PBXProject section */

/* Begin PBXResourcesBuildPhase section */
		EEC1991A1F6E744A00F981E6 /* Resources */ = {
			isa = PBXResourcesBuildPhase;
			buildActionMask = 2147483647;
			files = (
				EEC1992D1F6E744A00F981E6 /* LaunchScreen.storyboard in Resources */,
				EEC1992A1F6E744A00F981E6 /* Assets.xcassets in Resources */,
				EEC199541F6E781400F981E6 /* dareSpotLogo.jpg in Resources */,
				3C6615F11FA91C2D00416774 /* GoogleService-Info.plist in Resources */,
				EEC199251F6E744A00F981E6 /* Main.storyboard in Resources */,
			);
			runOnlyForDeploymentPostprocessing = 0;
		};
		EEC199311F6E744B00F981E6 /* Resources */ = {
			isa = PBXResourcesBuildPhase;
			buildActionMask = 2147483647;
			files = (
			);
			runOnlyForDeploymentPostprocessing = 0;
		};
		EEC1993C1F6E744B00F981E6 /* Resources */ = {
			isa = PBXResourcesBuildPhase;
			buildActionMask = 2147483647;
			files = (
			);
			runOnlyForDeploymentPostprocessing = 0;
		};
/* End PBXResourcesBuildPhase section */

/* Begin PBXShellScriptBuildPhase section */
		1EF469C229EBD5952ECEA9B3 /* [CP] Embed Pods Frameworks */ = {
			isa = PBXShellScriptBuildPhase;
			buildActionMask = 2147483647;
			files = (
			);
			inputPaths = (
			);
			name = "[CP] Embed Pods Frameworks";
			outputPaths = (
			);
			runOnlyForDeploymentPostprocessing = 0;
			shellPath = /bin/sh;
			shellScript = "\"${SRCROOT}/Pods/Target Support Files/Pods-DareSpotTests/Pods-DareSpotTests-frameworks.sh\"\n";
			showEnvVarsInLog = 0;
		};
		36DFBA6BA6212AC2114622A6 /* [CP] Copy Pods Resources */ = {
			isa = PBXShellScriptBuildPhase;
			buildActionMask = 2147483647;
			files = (
			);
			inputPaths = (
			);
			name = "[CP] Copy Pods Resources";
			outputPaths = (
			);
			runOnlyForDeploymentPostprocessing = 0;
			shellPath = /bin/sh;
			shellScript = "\"${SRCROOT}/Pods/Target Support Files/Pods-DareSpotUITests/Pods-DareSpotUITests-resources.sh\"\n";
			showEnvVarsInLog = 0;
		};
		5A939AF759C84871B3B85CA2 /* [CP] Embed Pods Frameworks */ = {
			isa = PBXShellScriptBuildPhase;
			buildActionMask = 2147483647;
			files = (
			);
			inputPaths = (
			);
			name = "[CP] Embed Pods Frameworks";
			outputPaths = (
			);
			runOnlyForDeploymentPostprocessing = 0;
			shellPath = /bin/sh;
			shellScript = "\"${SRCROOT}/Pods/Target Support Files/Pods-DareSpotUITests/Pods-DareSpotUITests-frameworks.sh\"\n";
			showEnvVarsInLog = 0;
		};
		84986D7BE6F34A0D1687830D /* [CP] Check Pods Manifest.lock */ = {
			isa = PBXShellScriptBuildPhase;
			buildActionMask = 2147483647;
			files = (
			);
			inputPaths = (
				"${PODS_PODFILE_DIR_PATH}/Podfile.lock",
				"${PODS_ROOT}/Manifest.lock",
			);
			name = "[CP] Check Pods Manifest.lock";
			outputPaths = (
				"$(DERIVED_FILE_DIR)/Pods-DareSpotUITests-checkManifestLockResult.txt",
			);
			runOnlyForDeploymentPostprocessing = 0;
			shellPath = /bin/sh;
			shellScript = "diff \"${PODS_PODFILE_DIR_PATH}/Podfile.lock\" \"${PODS_ROOT}/Manifest.lock\" > /dev/null\nif [ $? != 0 ] ; then\n    # print error to STDERR\n    echo \"error: The sandbox is not in sync with the Podfile.lock. Run 'pod install' or update your CocoaPods installation.\" >&2\n    exit 1\nfi\n# This output is used by Xcode 'outputs' to avoid re-running this script phase.\necho \"SUCCESS\" > \"${SCRIPT_OUTPUT_FILE_0}\"\n";
			showEnvVarsInLog = 0;
		};
		94EF7C10A6DBEF6B0446B474 /* [CP] Copy Pods Resources */ = {
			isa = PBXShellScriptBuildPhase;
			buildActionMask = 2147483647;
			files = (
			);
			inputPaths = (
			);
			name = "[CP] Copy Pods Resources";
			outputPaths = (
			);
			runOnlyForDeploymentPostprocessing = 0;
			shellPath = /bin/sh;
			shellScript = "\"${SRCROOT}/Pods/Target Support Files/Pods-DareSpot/Pods-DareSpot-resources.sh\"\n";
			showEnvVarsInLog = 0;
		};
		9A29A88535FA9202D23B0EA0 /* [CP] Copy Pods Resources */ = {
			isa = PBXShellScriptBuildPhase;
			buildActionMask = 2147483647;
			files = (
			);
			inputPaths = (
			);
			name = "[CP] Copy Pods Resources";
			outputPaths = (
			);
			runOnlyForDeploymentPostprocessing = 0;
			shellPath = /bin/sh;
			shellScript = "\"${SRCROOT}/Pods/Target Support Files/Pods-DareSpotTests/Pods-DareSpotTests-resources.sh\"\n";
			showEnvVarsInLog = 0;
		};
		A39B7AFB011456972E1C8175 /* [CP] Check Pods Manifest.lock */ = {
			isa = PBXShellScriptBuildPhase;
			buildActionMask = 2147483647;
			files = (
			);
			inputPaths = (
				"${PODS_PODFILE_DIR_PATH}/Podfile.lock",
				"${PODS_ROOT}/Manifest.lock",
			);
			name = "[CP] Check Pods Manifest.lock";
			outputPaths = (
				"$(DERIVED_FILE_DIR)/Pods-DareSpot-checkManifestLockResult.txt",
			);
			runOnlyForDeploymentPostprocessing = 0;
			shellPath = /bin/sh;
			shellScript = "diff \"${PODS_PODFILE_DIR_PATH}/Podfile.lock\" \"${PODS_ROOT}/Manifest.lock\" > /dev/null\nif [ $? != 0 ] ; then\n    # print error to STDERR\n    echo \"error: The sandbox is not in sync with the Podfile.lock. Run 'pod install' or update your CocoaPods installation.\" >&2\n    exit 1\nfi\n# This output is used by Xcode 'outputs' to avoid re-running this script phase.\necho \"SUCCESS\" > \"${SCRIPT_OUTPUT_FILE_0}\"\n";
			showEnvVarsInLog = 0;
		};
		C500E48C32EA29E513EBCF57 /* [CP] Check Pods Manifest.lock */ = {
			isa = PBXShellScriptBuildPhase;
			buildActionMask = 2147483647;
			files = (
			);
			inputPaths = (
				"${PODS_PODFILE_DIR_PATH}/Podfile.lock",
				"${PODS_ROOT}/Manifest.lock",
			);
			name = "[CP] Check Pods Manifest.lock";
			outputPaths = (
				"$(DERIVED_FILE_DIR)/Pods-DareSpotTests-checkManifestLockResult.txt",
			);
			runOnlyForDeploymentPostprocessing = 0;
			shellPath = /bin/sh;
			shellScript = "diff \"${PODS_PODFILE_DIR_PATH}/Podfile.lock\" \"${PODS_ROOT}/Manifest.lock\" > /dev/null\nif [ $? != 0 ] ; then\n    # print error to STDERR\n    echo \"error: The sandbox is not in sync with the Podfile.lock. Run 'pod install' or update your CocoaPods installation.\" >&2\n    exit 1\nfi\n# This output is used by Xcode 'outputs' to avoid re-running this script phase.\necho \"SUCCESS\" > \"${SCRIPT_OUTPUT_FILE_0}\"\n";
			showEnvVarsInLog = 0;
		};
		C539C9DACB43956BEBC3EF38 /* [CP] Embed Pods Frameworks */ = {
			isa = PBXShellScriptBuildPhase;
			buildActionMask = 2147483647;
			files = (
			);
			inputPaths = (
				"${SRCROOT}/Pods/Target Support Files/Pods-DareSpot/Pods-DareSpot-frameworks.sh",
				"${BUILT_PRODUCTS_DIR}/GTMSessionFetcher/GTMSessionFetcher.framework",
				"${BUILT_PRODUCTS_DIR}/GoogleToolboxForMac/GoogleToolboxForMac.framework",
				"${BUILT_PRODUCTS_DIR}/leveldb-library/leveldb.framework",
				"${BUILT_PRODUCTS_DIR}/nanopb/nanopb.framework",
			);
			name = "[CP] Embed Pods Frameworks";
			outputPaths = (
				"${TARGET_BUILD_DIR}/${FRAMEWORKS_FOLDER_PATH}/GTMSessionFetcher.framework",
				"${TARGET_BUILD_DIR}/${FRAMEWORKS_FOLDER_PATH}/GoogleToolboxForMac.framework",
				"${TARGET_BUILD_DIR}/${FRAMEWORKS_FOLDER_PATH}/leveldb.framework",
				"${TARGET_BUILD_DIR}/${FRAMEWORKS_FOLDER_PATH}/nanopb.framework",
			);
			runOnlyForDeploymentPostprocessing = 0;
			shellPath = /bin/sh;
			shellScript = "\"${SRCROOT}/Pods/Target Support Files/Pods-DareSpot/Pods-DareSpot-frameworks.sh\"\n";
			showEnvVarsInLog = 0;
		};
/* End PBXShellScriptBuildPhase section */

/* Begin PBXSourcesBuildPhase section */
		EEC199181F6E744A00F981E6 /* Sources */ = {
			isa = PBXSourcesBuildPhase;
			buildActionMask = 2147483647;
			files = (
				EEC199201F6E744A00F981E6 /* AppDelegate.swift in Sources */,
				EE38AAA01F6E8D2B00DB5EDD /* SignUpPasswordViewController.swift in Sources */,
				EE38AA981F6E8B2800DB5EDD /* SignUpNameViewController.swift in Sources */,
				3C0511D61F6F84F50015FA01 /* SignInUserExistViewController.swift in Sources */,
				EE38AA9A1F6E8B7400DB5EDD /* SignUpGenderDOBViewController.swift in Sources */,
				EEC199281F6E744A00F981E6 /* DareSpot.xcdatamodeld in Sources */,
				EE38AAA61F6F2C5400DB5EDD /* UserInformation.swift in Sources */,
				EE38AAA41F6EE85500DB5EDD /* SignUpSaveData.swift in Sources */,
				EE38AA9C1F6E8C4200DB5EDD /* LaunchScreenViewController.swift in Sources */,
				3C0511D91F6F8A840015FA01 /* SignUpSuccessfullViewController.swift in Sources */,
				EE38AA9E1F6E8D0D00DB5EDD /* SignUpUsernameViewController.swift in Sources */,
				EE38AA961F6E8AF900DB5EDD /* SignUpEmailViewController.swift in Sources */,
				3C6615F31FA91FC700416774 /* ChangePasswordViewController.swift in Sources */,
			);
			runOnlyForDeploymentPostprocessing = 0;
		};
		EEC1992F1F6E744B00F981E6 /* Sources */ = {
			isa = PBXSourcesBuildPhase;
			buildActionMask = 2147483647;
			files = (
				EEC199381F6E744B00F981E6 /* DareSpotTests.swift in Sources */,
			);
			runOnlyForDeploymentPostprocessing = 0;
		};
		EEC1993A1F6E744B00F981E6 /* Sources */ = {
			isa = PBXSourcesBuildPhase;
			buildActionMask = 2147483647;
			files = (
				EEC199431F6E744B00F981E6 /* DareSpotUITests.swift in Sources */,
			);
			runOnlyForDeploymentPostprocessing = 0;
		};
/* End PBXSourcesBuildPhase section */

/* Begin PBXTargetDependency section */
		EEC199351F6E744B00F981E6 /* PBXTargetDependency */ = {
			isa = PBXTargetDependency;
			target = EEC1991B1F6E744A00F981E6 /* DareSpot */;
			targetProxy = EEC199341F6E744B00F981E6 /* PBXContainerItemProxy */;
		};
		EEC199401F6E744B00F981E6 /* PBXTargetDependency */ = {
			isa = PBXTargetDependency;
			target = EEC1991B1F6E744A00F981E6 /* DareSpot */;
			targetProxy = EEC1993F1F6E744B00F981E6 /* PBXContainerItemProxy */;
		};
/* End PBXTargetDependency section */

/* Begin PBXVariantGroup section */
		EEC199231F6E744A00F981E6 /* Main.storyboard */ = {
			isa = PBXVariantGroup;
			children = (
				EEC199241F6E744A00F981E6 /* Base */,
			);
			name = Main.storyboard;
			sourceTree = "<group>";
		};
		EEC1992B1F6E744A00F981E6 /* LaunchScreen.storyboard */ = {
			isa = PBXVariantGroup;
			children = (
				EEC1992C1F6E744A00F981E6 /* Base */,
			);
			name = LaunchScreen.storyboard;
			sourceTree = "<group>";
		};
/* End PBXVariantGroup section */

/* Begin XCBuildConfiguration section */
		EEC199451F6E744B00F981E6 /* Debug */ = {
			isa = XCBuildConfiguration;
			buildSettings = {
				ALWAYS_SEARCH_USER_PATHS = NO;
				CLANG_ANALYZER_NONNULL = YES;
				CLANG_ANALYZER_NUMBER_OBJECT_CONVERSION = YES_AGGRESSIVE;
				CLANG_CXX_LANGUAGE_STANDARD = "gnu++0x";
				CLANG_CXX_LIBRARY = "libc++";
				CLANG_ENABLE_MODULES = YES;
				CLANG_ENABLE_OBJC_ARC = YES;
				CLANG_WARN_BOOL_CONVERSION = YES;
				CLANG_WARN_CONSTANT_CONVERSION = YES;
				CLANG_WARN_DIRECT_OBJC_ISA_USAGE = YES_ERROR;
				CLANG_WARN_DOCUMENTATION_COMMENTS = YES;
				CLANG_WARN_EMPTY_BODY = YES;
				CLANG_WARN_ENUM_CONVERSION = YES;
				CLANG_WARN_INFINITE_RECURSION = YES;
				CLANG_WARN_INT_CONVERSION = YES;
				CLANG_WARN_OBJC_ROOT_CLASS = YES_ERROR;
				CLANG_WARN_SUSPICIOUS_MOVE = YES;
				CLANG_WARN_UNREACHABLE_CODE = YES;
				CLANG_WARN__DUPLICATE_METHOD_MATCH = YES;
				"CODE_SIGN_IDENTITY[sdk=iphoneos*]" = "iPhone Developer";
				COPY_PHASE_STRIP = NO;
				DEBUG_INFORMATION_FORMAT = dwarf;
				ENABLE_STRICT_OBJC_MSGSEND = YES;
				ENABLE_TESTABILITY = YES;
				GCC_C_LANGUAGE_STANDARD = gnu99;
				GCC_DYNAMIC_NO_PIC = NO;
				GCC_NO_COMMON_BLOCKS = YES;
				GCC_OPTIMIZATION_LEVEL = 0;
				GCC_PREPROCESSOR_DEFINITIONS = (
					"DEBUG=1",
					"$(inherited)",
				);
				GCC_WARN_64_TO_32_BIT_CONVERSION = YES;
				GCC_WARN_ABOUT_RETURN_TYPE = YES_ERROR;
				GCC_WARN_UNDECLARED_SELECTOR = YES;
				GCC_WARN_UNINITIALIZED_AUTOS = YES_AGGRESSIVE;
				GCC_WARN_UNUSED_FUNCTION = YES;
				GCC_WARN_UNUSED_VARIABLE = YES;
				IPHONEOS_DEPLOYMENT_TARGET = 10.3;
				MTL_ENABLE_DEBUG_INFO = YES;
				ONLY_ACTIVE_ARCH = YES;
				SDKROOT = iphoneos;
				SWIFT_ACTIVE_COMPILATION_CONDITIONS = DEBUG;
				SWIFT_OPTIMIZATION_LEVEL = "-Onone";
				TARGETED_DEVICE_FAMILY = "1,2";
			};
			name = Debug;
		};
		EEC199461F6E744B00F981E6 /* Release */ = {
			isa = XCBuildConfiguration;
			buildSettings = {
				ALWAYS_SEARCH_USER_PATHS = NO;
				CLANG_ANALYZER_NONNULL = YES;
				CLANG_ANALYZER_NUMBER_OBJECT_CONVERSION = YES_AGGRESSIVE;
				CLANG_CXX_LANGUAGE_STANDARD = "gnu++0x";
				CLANG_CXX_LIBRARY = "libc++";
				CLANG_ENABLE_MODULES = YES;
				CLANG_ENABLE_OBJC_ARC = YES;
				CLANG_WARN_BOOL_CONVERSION = YES;
				CLANG_WARN_CONSTANT_CONVERSION = YES;
				CLANG_WARN_DIRECT_OBJC_ISA_USAGE = YES_ERROR;
				CLANG_WARN_DOCUMENTATION_COMMENTS = YES;
				CLANG_WARN_EMPTY_BODY = YES;
				CLANG_WARN_ENUM_CONVERSION = YES;
				CLANG_WARN_INFINITE_RECURSION = YES;
				CLANG_WARN_INT_CONVERSION = YES;
				CLANG_WARN_OBJC_ROOT_CLASS = YES_ERROR;
				CLANG_WARN_SUSPICIOUS_MOVE = YES;
				CLANG_WARN_UNREACHABLE_CODE = YES;
				CLANG_WARN__DUPLICATE_METHOD_MATCH = YES;
				"CODE_SIGN_IDENTITY[sdk=iphoneos*]" = "iPhone Developer";
				COPY_PHASE_STRIP = NO;
				DEBUG_INFORMATION_FORMAT = "dwarf-with-dsym";
				ENABLE_NS_ASSERTIONS = NO;
				ENABLE_STRICT_OBJC_MSGSEND = YES;
				GCC_C_LANGUAGE_STANDARD = gnu99;
				GCC_NO_COMMON_BLOCKS = YES;
				GCC_WARN_64_TO_32_BIT_CONVERSION = YES;
				GCC_WARN_ABOUT_RETURN_TYPE = YES_ERROR;
				GCC_WARN_UNDECLARED_SELECTOR = YES;
				GCC_WARN_UNINITIALIZED_AUTOS = YES_AGGRESSIVE;
				GCC_WARN_UNUSED_FUNCTION = YES;
				GCC_WARN_UNUSED_VARIABLE = YES;
				IPHONEOS_DEPLOYMENT_TARGET = 10.3;
				MTL_ENABLE_DEBUG_INFO = NO;
				SDKROOT = iphoneos;
				SWIFT_OPTIMIZATION_LEVEL = "-Owholemodule";
				TARGETED_DEVICE_FAMILY = "1,2";
				VALIDATE_PRODUCT = YES;
			};
			name = Release;
		};
		EEC199481F6E744B00F981E6 /* Debug */ = {
			isa = XCBuildConfiguration;
			baseConfigurationReference = 9DB2B54A585649C1C652CD3D /* Pods-DareSpot.debug.xcconfig */;
			buildSettings = {
				ASSETCATALOG_COMPILER_APPICON_NAME = AppIcon;
				DEVELOPMENT_TEAM = A2B5VHU2WV;
				INFOPLIST_FILE = DareSpot/Info.plist;
				LD_RUNPATH_SEARCH_PATHS = "$(inherited) @executable_path/Frameworks";
				PRODUCT_BUNDLE_IDENTIFIER = com.bullet.DareSpot;
				PRODUCT_NAME = "$(TARGET_NAME)";
				SWIFT_VERSION = 3.0;
			};
			name = Debug;
		};
		EEC199491F6E744B00F981E6 /* Release */ = {
			isa = XCBuildConfiguration;
			baseConfigurationReference = D85564A78502E5BE9B3C08FF /* Pods-DareSpot.release.xcconfig */;
			buildSettings = {
				ASSETCATALOG_COMPILER_APPICON_NAME = AppIcon;
				DEVELOPMENT_TEAM = A2B5VHU2WV;
				INFOPLIST_FILE = DareSpot/Info.plist;
				LD_RUNPATH_SEARCH_PATHS = "$(inherited) @executable_path/Frameworks";
				PRODUCT_BUNDLE_IDENTIFIER = com.bullet.DareSpot;
				PRODUCT_NAME = "$(TARGET_NAME)";
				SWIFT_VERSION = 3.0;
			};
			name = Release;
		};
		EEC1994B1F6E744B00F981E6 /* Debug */ = {
			isa = XCBuildConfiguration;
			baseConfigurationReference = BEF2F11B434924E451D177AA /* Pods-DareSpotTests.debug.xcconfig */;
			buildSettings = {
				ALWAYS_EMBED_SWIFT_STANDARD_LIBRARIES = YES;
				BUNDLE_LOADER = "$(TEST_HOST)";
				DEVELOPMENT_TEAM = 6B8872JNR9;
				INFOPLIST_FILE = DareSpotTests/Info.plist;
				LD_RUNPATH_SEARCH_PATHS = "$(inherited) @executable_path/Frameworks @loader_path/Frameworks";
				PRODUCT_BUNDLE_IDENTIFIER = com.bullet.DareSpotTests;
				PRODUCT_NAME = "$(TARGET_NAME)";
				SWIFT_VERSION = 3.0;
				TEST_HOST = "$(BUILT_PRODUCTS_DIR)/DareSpot.app/DareSpot";
			};
			name = Debug;
		};
		EEC1994C1F6E744B00F981E6 /* Release */ = {
			isa = XCBuildConfiguration;
			baseConfigurationReference = 84E84177247FBA11C937219D /* Pods-DareSpotTests.release.xcconfig */;
			buildSettings = {
				ALWAYS_EMBED_SWIFT_STANDARD_LIBRARIES = YES;
				BUNDLE_LOADER = "$(TEST_HOST)";
				DEVELOPMENT_TEAM = 6B8872JNR9;
				INFOPLIST_FILE = DareSpotTests/Info.plist;
				LD_RUNPATH_SEARCH_PATHS = "$(inherited) @executable_path/Frameworks @loader_path/Frameworks";
				PRODUCT_BUNDLE_IDENTIFIER = com.bullet.DareSpotTests;
				PRODUCT_NAME = "$(TARGET_NAME)";
				SWIFT_VERSION = 3.0;
				TEST_HOST = "$(BUILT_PRODUCTS_DIR)/DareSpot.app/DareSpot";
			};
			name = Release;
		};
		EEC1994E1F6E744B00F981E6 /* Debug */ = {
			isa = XCBuildConfiguration;
			baseConfigurationReference = 25BBAFB043FEE7978A63E089 /* Pods-DareSpotUITests.debug.xcconfig */;
			buildSettings = {
				ALWAYS_EMBED_SWIFT_STANDARD_LIBRARIES = YES;
				DEVELOPMENT_TEAM = 6B8872JNR9;
				INFOPLIST_FILE = DareSpotUITests/Info.plist;
				LD_RUNPATH_SEARCH_PATHS = "$(inherited) @executable_path/Frameworks @loader_path/Frameworks";
				PRODUCT_BUNDLE_IDENTIFIER = com.bullet.DareSpotUITests;
				PRODUCT_NAME = "$(TARGET_NAME)";
				SWIFT_VERSION = 3.0;
				TEST_TARGET_NAME = DareSpot;
			};
			name = Debug;
		};
		EEC1994F1F6E744B00F981E6 /* Release */ = {
			isa = XCBuildConfiguration;
			baseConfigurationReference = 1C37BFEA00FA60F7023E7FC7 /* Pods-DareSpotUITests.release.xcconfig */;
			buildSettings = {
				ALWAYS_EMBED_SWIFT_STANDARD_LIBRARIES = YES;
				DEVELOPMENT_TEAM = 6B8872JNR9;
				INFOPLIST_FILE = DareSpotUITests/Info.plist;
				LD_RUNPATH_SEARCH_PATHS = "$(inherited) @executable_path/Frameworks @loader_path/Frameworks";
				PRODUCT_BUNDLE_IDENTIFIER = com.bullet.DareSpotUITests;
				PRODUCT_NAME = "$(TARGET_NAME)";
				SWIFT_VERSION = 3.0;
				TEST_TARGET_NAME = DareSpot;
			};
			name = Release;
		};
/* End XCBuildConfiguration section */

/* Begin XCConfigurationList section */
		EEC199171F6E744A00F981E6 /* Build configuration list for PBXProject "DareSpot" */ = {
			isa = XCConfigurationList;
			buildConfigurations = (
				EEC199451F6E744B00F981E6 /* Debug */,
				EEC199461F6E744B00F981E6 /* Release */,
			);
			defaultConfigurationIsVisible = 0;
			defaultConfigurationName = Release;
		};
		EEC199471F6E744B00F981E6 /* Build configuration list for PBXNativeTarget "DareSpot" */ = {
			isa = XCConfigurationList;
			buildConfigurations = (
				EEC199481F6E744B00F981E6 /* Debug */,
				EEC199491F6E744B00F981E6 /* Release */,
			);
			defaultConfigurationIsVisible = 0;
			defaultConfigurationName = Release;
		};
		EEC1994A1F6E744B00F981E6 /* Build configuration list for PBXNativeTarget "DareSpotTests" */ = {
			isa = XCConfigurationList;
			buildConfigurations = (
				EEC1994B1F6E744B00F981E6 /* Debug */,
				EEC1994C1F6E744B00F981E6 /* Release */,
			);
			defaultConfigurationIsVisible = 0;
			defaultConfigurationName = Release;
		};
		EEC1994D1F6E744B00F981E6 /* Build configuration list for PBXNativeTarget "DareSpotUITests" */ = {
			isa = XCConfigurationList;
			buildConfigurations = (
				EEC1994E1F6E744B00F981E6 /* Debug */,
				EEC1994F1F6E744B00F981E6 /* Release */,
			);
			defaultConfigurationIsVisible = 0;
			defaultConfigurationName = Release;
		};
/* End XCConfigurationList section */

/* Begin XCVersionGroup section */
		EEC199261F6E744A00F981E6 /* DareSpot.xcdatamodeld */ = {
			isa = XCVersionGroup;
			children = (
				EEC199271F6E744A00F981E6 /* DareSpot.xcdatamodel */,
			);
			currentVersion = EEC199271F6E744A00F981E6 /* DareSpot.xcdatamodel */;
			path = DareSpot.xcdatamodeld;
			sourceTree = "<group>";
			versionGroupType = wrapper.xcdatamodel;
		};
/* End XCVersionGroup section */
	};
	rootObject = EEC199141F6E744A00F981E6 /* Project object */;
}
